
Microsoft Visual Studio Solution File, Format Version 12.00
# Visual Studio 15
VisualStudioVersion = 15.0.27703.2026
MinimumVisualStudioVersion = 10.0.40219.1
Project("{FAE04EC0-301F-11D3-BF4B-00C04F79EFBC}") = "PlantsVsZombiesCheat", "PlantsVsZombiesCheat\PlantsVsZombiesCheat.csproj", "{D502599E-0BB9-4691-B32C-16FB966AE0E3}"
EndProject
Global
	GlobalSection(SolutionConfigurationPlatforms) = preSolution
		Debug|Any CPU = Debug|Any CPU
		Release|Any CPU = Release|Any CPU
	EndGlobalSection
	GlobalSection(ProjectConfigurationPlatforms) = postSolution
		{D502599E-0BB9-4691-B32C-16FB966AE0E3}.Debug|Any CPU.ActiveCfg = Debug|Any CPU
		{D502599E-0BB9-4691-B32C-16FB966AE0E3}.Debug|Any CPU.Build.0 = Debug|Any CPU
		{D502599E-0BB9-4691-B32C-16FB966AE0E3}.Release|Any CPU.ActiveCfg = Release|Any CPU
		{D502599E-0BB9-4691-B32C-16FB966AE0E3}.Release|Any CPU.Build.0 = Release|Any CPU
	EndGlobalSection
	GlobalSection(SolutionProperties) = preSolution
		HideSolutionNode = FALSE
	EndGlobalSection
	GlobalSection(ExtensibilityGlobals) = postSolution
		SolutionGuid = {896C374A-013F-4A34-95A7-BD6BE851148E}
	EndGlobalSection
EndGlobal
